<?xml version="1.0" encoding="utf-8"?>
<Project ToolsVersion="4.0" xmlns="http://schemas.microsoft.com/developer/msbuild/2003">
  <ItemGroup>
    <Filter Include="win32">
      <UniqueIdentifier>{84a8ebd7-7cf0-47f6-b75e-d441df67da40}</UniqueIdentifier>
    </Filter>
    <Filter Include="resource">
      <UniqueIdentifier>{715254bc-d70b-4ec5-bf29-467dd3ace079}</UniqueIdentifier>
    </Filter>
    <Filter Include="src">
      <UniqueIdentifier>{bb6c862e-70e9-49d9-81b7-3829a6f50471}</UniqueIdentifier>
    </Filter>
    <Filter Include="classes">
      <UniqueIdentifier>{9079a777-614f-41f0-b1c5-9759ca246e49}</UniqueIdentifier>
    </Filter>
    <Filter Include="classes\menu">
      <UniqueIdentifier>{8fe6c87e-bf8a-4cbe-9744-b8169a3a2474}</UniqueIdentifier>
    </Filter>
    <Filter Include="classes\logo">
      <UniqueIdentifier>{f9fbed49-96b2-483e-baef-0df7ddc55164}</UniqueIdentifier>
    </Filter>
    <Filter Include="classes\controller">
      <UniqueIdentifier>{54536ca7-1681-40d5-872c-bdb5b4a7c00b}</UniqueIdentifier>
    </Filter>
    <Filter Include="classes\utilities">
      <UniqueIdentifier>{6dc33b35-6a96-4c2d-8ab9-09d5f54a62df}</UniqueIdentifier>
    </Filter>
    <Filter Include="classes\game">
      <UniqueIdentifier>{c986a57e-5fb7-4b45-a63d-7edcc8e723b9}</UniqueIdentifier>
    </Filter>
  </ItemGroup>
  <ItemGroup>
    <ClCompile Include="main.cpp">
      <Filter>win32</Filter>
    </ClCompile>
    <ClCompile Include="..\Classes\HelloWorldScene.cpp">
      <Filter>src</Filter>
    </ClCompile>
    <ClCompile Include="..\Classes\AppDelegate.cpp">
      <Filter>classes</Filter>
    </ClCompile>
    <ClCompile Include="..\Classes\GLES-Render.cpp">
      <Filter>classes</Filter>
    </ClCompile>
    <ClCompile Include="..\Classes\GameMenu.cpp">
      <Filter>classes\menu</Filter>
    </ClCompile>
    <ClCompile Include="..\Classes\GameLogo.cpp">
      <Filter>classes\logo</Filter>
    </ClCompile>
    <ClCompile Include="..\Classes\GameController.cpp">
      <Filter>classes\controller</Filter>
    </ClCompile>
    <ClCompile Include="..\Classes\GameSound.cpp">
      <Filter>classes\utilities</Filter>
    </ClCompile>
    <ClCompile Include="..\Classes\GameWorld.cpp">
      <Filter>classes\game</Filter>
    </ClCompile>
    <ClCompile Include="..\Classes\GameBall.cpp">
      <Filter>classes\game</Filter>
    </ClCompile>
    <ClCompile Include="..\Classes\GamePaddle.cpp">
      <Filter>classes\game</Filter>
    </ClCompile>
    <ClCompile Include="..\Classes\ShapeCache.cpp">
      <Filter>classes\utilities</Filter>
    </ClCompile>
    <ClCompile Include="..\Classes\PhysicsSprite.cpp">
      <Filter>classes\game</Filter>
    </ClCompile>
    <ClCompile Include="..\Classes\GameScene.cpp">
      <Filter>classes\game</Filter>
    </ClCompile>
    <ClCompile Include="..\Classes\test.cpp">
      <Filter>classes\game</Filter>
    </ClCompile>
  </ItemGroup>
  <ItemGroup>
    <ClInclude Include="main.h">
      <Filter>win32</Filter>
    </ClInclude>
    <ClInclude Include="..\Classes\HelloWorldScene.h">
      <Filter>src</Filter>
    </ClInclude>
    <ClInclude Include="..\Classes\AppDelegate.h">
      <Filter>classes</Filter>
    </ClInclude>
    <ClInclude Include="..\Classes\GLES-Render.h">
      <Filter>classes</Filter>
    </ClInclude>
    <ClInclude Include="..\Classes\GameMenu.h">
      <Filter>classes\menu</Filter>
    </ClInclude>
    <ClInclude Include="..\Classes\GameLogo.h">
      <Filter>classes\logo</Filter>
    </ClInclude>
    <ClInclude Include="..\Classes\GameController.h">
      <Filter>classes\controller</Filter>
    </ClInclude>
    <ClInclude Include="..\Classes\SoundDelegate.h">
      <Filter>classes\utilities</Filter>
    </ClInclude>
    <ClInclude Include="..\Classes\GameSound.h">
      <Filter>classes\utilities</Filter>
    </ClInclude>
    <ClInclude Include="..\Classes\GameWorld.h">
      <Filter>classes\game</Filter>
    </ClInclude>
    <ClInclude Include="..\Classes\GameBall.h">
      <Filter>classes\game</Filter>
    </ClInclude>
    <ClInclude Include="..\Classes\GameData.h">
      <Filter>classes\utilities</Filter>
    </ClInclude>
    <ClInclude Include="..\Classes\GamePaddle.h">
      <Filter>classes\game</Filter>
    </ClInclude>
    <ClInclude Include="..\Classes\ShapeCache.h">
      <Filter>classes\utilities</Filter>
    </ClInclude>
    <ClInclude Include="..\Classes\PhysicsSprite.h">
      <Filter>classes\game</Filter>
    </ClInclude>
    <ClInclude Include="..\Classes\GameScene.h">
      <Filter>classes\game</Filter>
    </ClInclude>
    <ClInclude Include="..\Classes\test.h">
      <Filter>classes\game</Filter>
    </ClInclude>
  </ItemGroup>
  <ItemGroup>
    <ResourceCompile Include="game.rc">
      <Filter>resource</Filter>
    </ResourceCompile>
  </ItemGroup>
</Project>