<?xml version="1.0" encoding="utf-8"?>
<Project ToolsVersion="4.0" xmlns="http://schemas.microsoft.com/developer/msbuild/2003">
  <ItemGroup>
    <Filter Include="win32">
      <UniqueIdentifier>{84a8ebd7-7cf0-47f6-b75e-d441df67da40}</UniqueIdentifier>
    </Filter>
    <Filter Include="resource">
      <UniqueIdentifier>{715254bc-d70b-4ec5-bf29-467dd3ace079}</UniqueIdentifier>
    </Filter>
    <Filter Include="src">
      <UniqueIdentifier>{bb6c862e-70e9-49d9-81b7-3829a6f50471}</UniqueIdentifier>
    </Filter>
    <Filter Include="classes">
      <UniqueIdentifier>{7fdd559c-50c9-42c1-8804-1b10f7660a4f}</UniqueIdentifier>
    </Filter>
    <Filter Include="classes\Menu">
      <UniqueIdentifier>{75616acd-f3a6-49a6-9219-ec96e735ddbc}</UniqueIdentifier>
    </Filter>
    <Filter Include="classes\Game">
      <UniqueIdentifier>{4a83c7cf-e809-41d3-a2f1-5fdfbffb0c5a}</UniqueIdentifier>
    </Filter>
    <Filter Include="classes\Sound">
      <UniqueIdentifier>{7b5a24c3-38e6-4002-be2a-34e17bd42617}</UniqueIdentifier>
    </Filter>
    <Filter Include="classes\Utilities">
      <UniqueIdentifier>{d6857e32-bfd0-48a1-9912-4d480f031d94}</UniqueIdentifier>
    </Filter>
    <Filter Include="classes\Touch">
      <UniqueIdentifier>{5cd5288d-d18e-41b0-91ed-935365e381cd}</UniqueIdentifier>
    </Filter>
    <Filter Include="classes\Items">
      <UniqueIdentifier>{d51997dc-c559-4e88-9815-d07153ea277d}</UniqueIdentifier>
    </Filter>
    <Filter Include="classes\Items\Ball">
      <UniqueIdentifier>{78ffd9f7-38fd-43e9-8d0a-262f4ab9536e}</UniqueIdentifier>
    </Filter>
    <Filter Include="classes\Items\Paddle">
      <UniqueIdentifier>{272d712a-d6f5-409a-8e22-39ac19e9e204}</UniqueIdentifier>
    </Filter>
    <Filter Include="classes\Items\Brick">
      <UniqueIdentifier>{3698114d-295f-4ddb-a2c4-d90464ec7df0}</UniqueIdentifier>
    </Filter>
    <Filter Include="classes\Game\Game">
      <UniqueIdentifier>{ce54e33b-08d5-4150-944a-aee4f7194618}</UniqueIdentifier>
    </Filter>
    <Filter Include="classes\Game\Controller">
      <UniqueIdentifier>{2c9cb49f-715d-4467-af18-00ec411b5f64}</UniqueIdentifier>
    </Filter>
    <Filter Include="classes\Game\Logo">
      <UniqueIdentifier>{da0cbfd6-f040-4f2b-ade3-65e21523206c}</UniqueIdentifier>
    </Filter>
    <Filter Include="classes\Game\Map">
      <UniqueIdentifier>{e6ddd44e-f652-4dca-b986-6c2c66820a75}</UniqueIdentifier>
    </Filter>
    <Filter Include="classes\Game\Game\Lottery">
      <UniqueIdentifier>{861d225f-7b34-4b3a-ba8b-8a3f06c289a2}</UniqueIdentifier>
    </Filter>
  </ItemGroup>
  <ItemGroup>
    <ClCompile Include="main.cpp">
      <Filter>win32</Filter>
    </ClCompile>
    <ClCompile Include="..\Classes\AppDelegate.cpp">
      <Filter>src</Filter>
    </ClCompile>
    <ClCompile Include="..\Classes\HelloWorldScene.cpp">
      <Filter>src</Filter>
    </ClCompile>
    <ClCompile Include="..\Classes\test.cpp">
      <Filter>classes</Filter>
    </ClCompile>
    <ClCompile Include="..\Classes\CreditLayer.cpp">
      <Filter>classes\Menu</Filter>
    </ClCompile>
    <ClCompile Include="..\Classes\GameMenu.cpp">
      <Filter>classes\Menu</Filter>
    </ClCompile>
    <ClCompile Include="..\Classes\OptionLayer.cpp">
      <Filter>classes\Menu</Filter>
    </ClCompile>
    <ClCompile Include="..\Classes\GB2ShapeCache-x.cpp">
      <Filter>classes\Utilities</Filter>
    </ClCompile>
    <ClCompile Include="..\Classes\GLES-Render.cpp">
      <Filter>classes\Utilities</Filter>
    </ClCompile>
    <ClCompile Include="..\Classes\PhysicsSprite.cpp">
      <Filter>classes\Utilities</Filter>
    </ClCompile>
    <ClCompile Include="..\Classes\PhysicsProtocol.cpp">
      <Filter>classes\Utilities</Filter>
    </ClCompile>
    <ClCompile Include="..\Classes\ShapeCache.cpp">
      <Filter>classes\Utilities</Filter>
    </ClCompile>
    <ClCompile Include="..\Classes\GameSound.cpp">
      <Filter>classes\Sound</Filter>
    </ClCompile>
    <ClCompile Include="..\Classes\GameBall.cpp">
      <Filter>classes\Items\Ball</Filter>
    </ClCompile>
    <ClCompile Include="..\Classes\GamePaddle.cpp">
      <Filter>classes\Items\Paddle</Filter>
    </ClCompile>
    <ClCompile Include="..\Classes\TouchLayer.cpp">
      <Filter>classes\Touch</Filter>
    </ClCompile>
    <ClCompile Include="..\Classes\GameBrick.cpp">
      <Filter>classes\Items\Brick</Filter>
    </ClCompile>
    <ClCompile Include="..\Classes\GameLogo.cpp">
      <Filter>classes\Game\Logo</Filter>
    </ClCompile>
    <ClCompile Include="..\Classes\GameScene.cpp">
      <Filter>classes\Game\Game</Filter>
    </ClCompile>
    <ClCompile Include="..\Classes\GameWorld.cpp">
      <Filter>classes\Game\Game</Filter>
    </ClCompile>
    <ClCompile Include="..\Classes\BrickLayer.cpp">
      <Filter>classes\Game\Game</Filter>
    </ClCompile>
    <ClCompile Include="..\Classes\GameMap.cpp">
      <Filter>classes\Game\Map</Filter>
    </ClCompile>
    <ClCompile Include="..\Classes\PreviewLayer.cpp">
      <Filter>classes\Game\Map</Filter>
    </ClCompile>
    <ClCompile Include="..\Classes\ContactListener.cpp">
      <Filter>classes\Game\Game</Filter>
    </ClCompile>
    <ClCompile Include="..\Classes\GameShatter.cpp">
      <Filter>classes\Items\Brick</Filter>
    </ClCompile>
    <ClCompile Include="..\Classes\GameController.cpp">
      <Filter>classes\Game\Controller</Filter>
    </ClCompile>
    <ClCompile Include="..\Classes\ShatterSprite.cpp">
      <Filter>classes\Items\Brick</Filter>
    </ClCompile>
    <ClCompile Include="..\Classes\AABBQuery.cpp">
      <Filter>classes\Game\Game</Filter>
    </ClCompile>
    <ClCompile Include="..\Classes\TutorialLayer.cpp">
      <Filter>classes\Menu</Filter>
    </ClCompile>
    <ClCompile Include="..\Classes\HudLayer.cpp">
      <Filter>classes\Game\Game</Filter>
    </ClCompile>
    <ClCompile Include="..\Classes\GameLottery.cpp">
      <Filter>classes\Game\Game\Lottery</Filter>
    </ClCompile>
    <ClCompile Include="..\Classes\BonusCreator.cpp">
      <Filter>classes\Game\Game\Lottery</Filter>
    </ClCompile>
    <ClCompile Include="..\Classes\BonusStrategy.cpp">
      <Filter>classes\Game\Game\Lottery</Filter>
    </ClCompile>
  </ItemGroup>
  <ItemGroup>
    <ClInclude Include="main.h">
      <Filter>win32</Filter>
    </ClInclude>
    <ClInclude Include="..\Classes\AppDelegate.h">
      <Filter>src</Filter>
    </ClInclude>
    <ClInclude Include="..\Classes\HelloWorldScene.h">
      <Filter>src</Filter>
    </ClInclude>
    <ClInclude Include="..\Classes\test.h">
      <Filter>classes</Filter>
    </ClInclude>
    <ClInclude Include="..\Classes\CreditLayer.h">
      <Filter>classes\Menu</Filter>
    </ClInclude>
    <ClInclude Include="..\Classes\GameMenu.h">
      <Filter>classes\Menu</Filter>
    </ClInclude>
    <ClInclude Include="..\Classes\OptionLayer.h">
      <Filter>classes\Menu</Filter>
    </ClInclude>
    <ClInclude Include="..\Classes\GameData.h">
      <Filter>classes\Utilities</Filter>
    </ClInclude>
    <ClInclude Include="..\Classes\GB2ShapeCache-x.h">
      <Filter>classes\Utilities</Filter>
    </ClInclude>
    <ClInclude Include="..\Classes\GLES-Render.h">
      <Filter>classes\Utilities</Filter>
    </ClInclude>
    <ClInclude Include="..\Classes\PhysicsSprite.h">
      <Filter>classes\Utilities</Filter>
    </ClInclude>
    <ClInclude Include="..\Classes\PhysicsProtocol.h">
      <Filter>classes\Utilities</Filter>
    </ClInclude>
    <ClInclude Include="..\Classes\ShapeCache.h">
      <Filter>classes\Utilities</Filter>
    </ClInclude>
    <ClInclude Include="..\Classes\SoundDelegate.h">
      <Filter>classes\Sound</Filter>
    </ClInclude>
    <ClInclude Include="..\Classes\GameSound.h">
      <Filter>classes\Sound</Filter>
    </ClInclude>
    <ClInclude Include="..\Classes\GameBall.h">
      <Filter>classes\Items\Ball</Filter>
    </ClInclude>
    <ClInclude Include="..\Classes\GamePaddle.h">
      <Filter>classes\Items\Paddle</Filter>
    </ClInclude>
    <ClInclude Include="..\Classes\TouchProtocol.h">
      <Filter>classes\Touch</Filter>
    </ClInclude>
    <ClInclude Include="..\Classes\TouchLayer.h">
      <Filter>classes\Touch</Filter>
    </ClInclude>
    <ClInclude Include="..\Classes\GameBrick.h">
      <Filter>classes\Items\Brick</Filter>
    </ClInclude>
    <ClInclude Include="..\Classes\GameController.h">
      <Filter>classes\Game\Controller</Filter>
    </ClInclude>
    <ClInclude Include="..\Classes\GameLogo.h">
      <Filter>classes\Game\Logo</Filter>
    </ClInclude>
    <ClInclude Include="..\Classes\GameScene.h">
      <Filter>classes\Game\Game</Filter>
    </ClInclude>
    <ClInclude Include="..\Classes\GameWorld.h">
      <Filter>classes\Game\Game</Filter>
    </ClInclude>
    <ClInclude Include="..\Classes\BrickLayer.h">
      <Filter>classes\Game\Game</Filter>
    </ClInclude>
    <ClInclude Include="..\Classes\GameMap.h">
      <Filter>classes\Game\Map</Filter>
    </ClInclude>
    <ClInclude Include="..\Classes\PreviewLayer.h">
      <Filter>classes\Game\Map</Filter>
    </ClInclude>
    <ClInclude Include="..\Classes\ContactListener.h">
      <Filter>classes\Game\Game</Filter>
    </ClInclude>
    <ClInclude Include="..\Classes\SoundData.h">
      <Filter>classes\Sound</Filter>
    </ClInclude>
    <ClInclude Include="..\Classes\GameShatter.h">
      <Filter>classes\Items\Brick</Filter>
    </ClInclude>
    <ClInclude Include="..\Classes\ContactData.h">
      <Filter>classes\Game\Game</Filter>
    </ClInclude>
    <ClInclude Include="..\Classes\ShatterSprite.h">
      <Filter>classes\Items\Brick</Filter>
    </ClInclude>
    <ClInclude Include="..\Classes\AABBQuery.h">
      <Filter>classes\Game\Game</Filter>
    </ClInclude>
    <ClInclude Include="..\Classes\TutorialLayer.h">
      <Filter>classes\Menu</Filter>
    </ClInclude>
    <ClInclude Include="..\Classes\HudLayer.h">
      <Filter>classes\Game\Game</Filter>
    </ClInclude>
    <ClInclude Include="..\Classes\GameLottery.h">
      <Filter>classes\Game\Game\Lottery</Filter>
    </ClInclude>
    <ClInclude Include="..\Classes\LotteryData.h">
      <Filter>classes\Game\Game\Lottery</Filter>
    </ClInclude>
    <ClInclude Include="..\Classes\BonusCreator.h">
      <Filter>classes\Game\Game\Lottery</Filter>
    </ClInclude>
    <ClInclude Include="..\Classes\BonusStrategy.h">
      <Filter>classes\Game\Game\Lottery</Filter>
    </ClInclude>
  </ItemGroup>
  <ItemGroup>
    <ResourceCompile Include="game.rc">
      <Filter>resource</Filter>
    </ResourceCompile>
  </ItemGroup>
</Project>